
Microsoft Visual Studio Solution File, Format Version 12.00
# Visual Studio Version 16
VisualStudioVersion = 16.0.31025.194
MinimumVisualStudioVersion = 10.0.40219.1
Project("{FAE04EC0-301F-11D3-BF4B-00C04F79EFBC}") = "WahooFitToGarmin", "WahooFitToGarmin\WahooFitToGarmin.csproj", "{61AC0BE5-11DD-4324-9113-E73B70296A36}"
EndProject
Global
	GlobalSection(SolutionConfigurationPlatforms) = preSolution
		Debug|Any CPU = Debug|Any CPU
		Release|Any CPU = Release|Any CPU
	EndGlobalSection
	GlobalSection(ProjectConfigurationPlatforms) = postSolution
		{61AC0BE5-11DD-4324-9113-E73B70296A36}.Debug|Any CPU.ActiveCfg = Debug|Any CPU
		{61AC0BE5-11DD-4324-9113-E73B70296A36}.Debug|Any CPU.Build.0 = Debug|Any CPU
		{61AC0BE5-11DD-4324-9113-E73B70296A36}.Release|Any CPU.ActiveCfg = Release|Any CPU
		{61AC0BE5-11DD-4324-9113-E73B70296A36}.Release|Any CPU.Build.0 = Release|Any CPU
	EndGlobalSection
	GlobalSection(SolutionProperties) = preSolution
		HideSolutionNode = FALSE
	EndGlobalSection
	GlobalSection(ExtensibilityGlobals) = postSolution
		SolutionGuid = {E9AA0C00-B2A7-4228-8DC9-2D42C3AC80BD}
	EndGlobalSection
EndGlobal
